
Microsoft Visual Studio Solution File, Format Version 12.00
# Visual Studio Version 17
VisualStudioVersion = 17.0.31903.59
MinimumVisualStudioVersion = 10.0.40219.1
Project("{2150E333-8FDC-42A3-9474-1A3956D46DE8}") = "src", "src", "{909FF7B5-9A91-4122-B158-434965EE2C9A}"
EndProject
Project("{FAE04EC0-301F-11D3-BF4B-00C04F79EFBC}") = "ServicosFinanceiros.Api", "src\ServicosFinanceiros.Api\ServicosFinanceiros.Api.csproj", "{5A5B63D9-87DE-4CC3-8DDF-53BC02C38C9A}"
EndProject
Project("{FAE04EC0-301F-11D3-BF4B-00C04F79EFBC}") = "ServicosFinanceiros.Application", "src\ServicosFinanceiros.Application\ServicosFinanceiros.Application.csproj", "{7399D977-0367-4893-8DB4-C32D47DCDA5D}"
EndProject
Project("{FAE04EC0-301F-11D3-BF4B-00C04F79EFBC}") = "ServicosFinanceiros.Domain", "src\ServicosFinanceiros.Domain\ServicosFinanceiros.Domain.csproj", "{D8FB3B15-B34F-48DD-8650-AB24223DBCCF}"
EndProject
Project("{FAE04EC0-301F-11D3-BF4B-00C04F79EFBC}") = "ServicosFinanceiros.Infrastructure", "src\ServicosFinanceiros.Infrastructure\ServicosFinanceiros.Infrastructure.csproj", "{37A11A10-5769-41ED-91DF-417C4F969542}"
EndProject
Project("{2150E333-8FDC-42A3-9474-1A3956D46DE8}") = "tests", "tests", "{145DBF90-0BF4-441E-B6AA-50809E36C1AE}"
EndProject
Project("{FAE04EC0-301F-11D3-BF4B-00C04F79EFBC}") = "ServicosFinanceiros.UnitTests", "tests\ServicosFinanceiros.UnitTests\ServicosFinanceiros.UnitTests.csproj", "{32072CC4-6FA1-4AB6-A974-73B6A50B3982}"
EndProject
Project("{FAE04EC0-301F-11D3-BF4B-00C04F79EFBC}") = "ServicosFinanceiros.IntegrationTests", "tests\ServicosFinanceiros.IntegrationTests\ServicosFinanceiros.IntegrationTests.csproj", "{18FCCA13-8A38-423A-9731-04CF2480F954}"
EndProject
Global
	GlobalSection(SolutionConfigurationPlatforms) = preSolution
		Debug|Any CPU = Debug|Any CPU
		Debug|x64 = Debug|x64
		Debug|x86 = Debug|x86
		Release|Any CPU = Release|Any CPU
		Release|x64 = Release|x64
		Release|x86 = Release|x86
	EndGlobalSection
	GlobalSection(ProjectConfigurationPlatforms) = postSolution
		{5A5B63D9-87DE-4CC3-8DDF-53BC02C38C9A}.Debug|Any CPU.ActiveCfg = Debug|Any CPU
		{5A5B63D9-87DE-4CC3-8DDF-53BC02C38C9A}.Debug|Any CPU.Build.0 = Debug|Any CPU
		{5A5B63D9-87DE-4CC3-8DDF-53BC02C38C9A}.Debug|x64.ActiveCfg = Debug|Any CPU
		{5A5B63D9-87DE-4CC3-8DDF-53BC02C38C9A}.Debug|x64.Build.0 = Debug|Any CPU
		{5A5B63D9-87DE-4CC3-8DDF-53BC02C38C9A}.Debug|x86.ActiveCfg = Debug|Any CPU
		{5A5B63D9-87DE-4CC3-8DDF-53BC02C38C9A}.Debug|x86.Build.0 = Debug|Any CPU
		{5A5B63D9-87DE-4CC3-8DDF-53BC02C38C9A}.Release|Any CPU.ActiveCfg = Release|Any CPU
		{5A5B63D9-87DE-4CC3-8DDF-53BC02C38C9A}.Release|Any CPU.Build.0 = Release|Any CPU
		{5A5B63D9-87DE-4CC3-8DDF-53BC02C38C9A}.Release|x64.ActiveCfg = Release|Any CPU
		{5A5B63D9-87DE-4CC3-8DDF-53BC02C38C9A}.Release|x64.Build.0 = Release|Any CPU
		{5A5B63D9-87DE-4CC3-8DDF-53BC02C38C9A}.Release|x86.ActiveCfg = Release|Any CPU
		{5A5B63D9-87DE-4CC3-8DDF-53BC02C38C9A}.Release|x86.Build.0 = Release|Any CPU
		{7399D977-0367-4893-8DB4-C32D47DCDA5D}.Debug|Any CPU.ActiveCfg = Debug|Any CPU
		{7399D977-0367-4893-8DB4-C32D47DCDA5D}.Debug|Any CPU.Build.0 = Debug|Any CPU
		{7399D977-0367-4893-8DB4-C32D47DCDA5D}.Debug|x64.ActiveCfg = Debug|Any CPU
		{7399D977-0367-4893-8DB4-C32D47DCDA5D}.Debug|x64.Build.0 = Debug|Any CPU
		{7399D977-0367-4893-8DB4-C32D47DCDA5D}.Debug|x86.ActiveCfg = Debug|Any CPU
		{7399D977-0367-4893-8DB4-C32D47DCDA5D}.Debug|x86.Build.0 = Debug|Any CPU
		{7399D977-0367-4893-8DB4-C32D47DCDA5D}.Release|Any CPU.ActiveCfg = Release|Any CPU
		{7399D977-0367-4893-8DB4-C32D47DCDA5D}.Release|Any CPU.Build.0 = Release|Any CPU
		{7399D977-0367-4893-8DB4-C32D47DCDA5D}.Release|x64.ActiveCfg = Release|Any CPU
		{7399D977-0367-4893-8DB4-C32D47DCDA5D}.Release|x64.Build.0 = Release|Any CPU
		{7399D977-0367-4893-8DB4-C32D47DCDA5D}.Release|x86.ActiveCfg = Release|Any CPU
		{7399D977-0367-4893-8DB4-C32D47DCDA5D}.Release|x86.Build.0 = Release|Any CPU
		{D8FB3B15-B34F-48DD-8650-AB24223DBCCF}.Debug|Any CPU.ActiveCfg = Debug|Any CPU
		{D8FB3B15-B34F-48DD-8650-AB24223DBCCF}.Debug|Any CPU.Build.0 = Debug|Any CPU
		{D8FB3B15-B34F-48DD-8650-AB24223DBCCF}.Debug|x64.ActiveCfg = Debug|Any CPU
		{D8FB3B15-B34F-48DD-8650-AB24223DBCCF}.Debug|x64.Build.0 = Debug|Any CPU
		{D8FB3B15-B34F-48DD-8650-AB24223DBCCF}.Debug|x86.ActiveCfg = Debug|Any CPU
		{D8FB3B15-B34F-48DD-8650-AB24223DBCCF}.Debug|x86.Build.0 = Debug|Any CPU
		{D8FB3B15-B34F-48DD-8650-AB24223DBCCF}.Release|Any CPU.ActiveCfg = Release|Any CPU
		{D8FB3B15-B34F-48DD-8650-AB24223DBCCF}.Release|Any CPU.Build.0 = Release|Any CPU
		{D8FB3B15-B34F-48DD-8650-AB24223DBCCF}.Release|x64.ActiveCfg = Release|Any CPU
		{D8FB3B15-B34F-48DD-8650-AB24223DBCCF}.Release|x64.Build.0 = Release|Any CPU
		{D8FB3B15-B34F-48DD-8650-AB24223DBCCF}.Release|x86.ActiveCfg = Release|Any CPU
		{D8FB3B15-B34F-48DD-8650-AB24223DBCCF}.Release|x86.Build.0 = Release|Any CPU
		{37A11A10-5769-41ED-91DF-417C4F969542}.Debug|Any CPU.ActiveCfg = Debug|Any CPU
		{37A11A10-5769-41ED-91DF-417C4F969542}.Debug|Any CPU.Build.0 = Debug|Any CPU
		{37A11A10-5769-41ED-91DF-417C4F969542}.Debug|x64.ActiveCfg = Debug|Any CPU
		{37A11A10-5769-41ED-91DF-417C4F969542}.Debug|x64.Build.0 = Debug|Any CPU
		{37A11A10-5769-41ED-91DF-417C4F969542}.Debug|x86.ActiveCfg = Debug|Any CPU
		{37A11A10-5769-41ED-91DF-417C4F969542}.Debug|x86.Build.0 = Debug|Any CPU
		{37A11A10-5769-41ED-91DF-417C4F969542}.Release|Any CPU.ActiveCfg = Release|Any CPU
		{37A11A10-5769-41ED-91DF-417C4F969542}.Release|Any CPU.Build.0 = Release|Any CPU
		{37A11A10-5769-41ED-91DF-417C4F969542}.Release|x64.ActiveCfg = Release|Any CPU
		{37A11A10-5769-41ED-91DF-417C4F969542}.Release|x64.Build.0 = Release|Any CPU
		{37A11A10-5769-41ED-91DF-417C4F969542}.Release|x86.ActiveCfg = Release|Any CPU
		{37A11A10-5769-41ED-91DF-417C4F969542}.Release|x86.Build.0 = Release|Any CPU
		{32072CC4-6FA1-4AB6-A974-73B6A50B3982}.Debug|Any CPU.ActiveCfg = Debug|Any CPU
		{32072CC4-6FA1-4AB6-A974-73B6A50B3982}.Debug|Any CPU.Build.0 = Debug|Any CPU
		{32072CC4-6FA1-4AB6-A974-73B6A50B3982}.Debug|x64.ActiveCfg = Debug|Any CPU
		{32072CC4-6FA1-4AB6-A974-73B6A50B3982}.Debug|x64.Build.0 = Debug|Any CPU
		{32072CC4-6FA1-4AB6-A974-73B6A50B3982}.Debug|x86.ActiveCfg = Debug|Any CPU
		{32072CC4-6FA1-4AB6-A974-73B6A50B3982}.Debug|x86.Build.0 = Debug|Any CPU
		{32072CC4-6FA1-4AB6-A974-73B6A50B3982}.Release|Any CPU.ActiveCfg = Release|Any CPU
		{32072CC4-6FA1-4AB6-A974-73B6A50B3982}.Release|Any CPU.Build.0 = Release|Any CPU
		{32072CC4-6FA1-4AB6-A974-73B6A50B3982}.Release|x64.ActiveCfg = Release|Any CPU
		{32072CC4-6FA1-4AB6-A974-73B6A50B3982}.Release|x64.Build.0 = Release|Any CPU
		{32072CC4-6FA1-4AB6-A974-73B6A50B3982}.Release|x86.ActiveCfg = Release|Any CPU
		{32072CC4-6FA1-4AB6-A974-73B6A50B3982}.Release|x86.Build.0 = Release|Any CPU
		{18FCCA13-8A38-423A-9731-04CF2480F954}.Debug|Any CPU.ActiveCfg = Debug|Any CPU
		{18FCCA13-8A38-423A-9731-04CF2480F954}.Debug|Any CPU.Build.0 = Debug|Any CPU
		{18FCCA13-8A38-423A-9731-04CF2480F954}.Debug|x64.ActiveCfg = Debug|Any CPU
		{18FCCA13-8A38-423A-9731-04CF2480F954}.Debug|x64.Build.0 = Debug|Any CPU
		{18FCCA13-8A38-423A-9731-04CF2480F954}.Debug|x86.ActiveCfg = Debug|Any CPU
		{18FCCA13-8A38-423A-9731-04CF2480F954}.Debug|x86.Build.0 = Debug|Any CPU
		{18FCCA13-8A38-423A-9731-04CF2480F954}.Release|Any CPU.ActiveCfg = Release|Any CPU
		{18FCCA13-8A38-423A-9731-04CF2480F954}.Release|Any CPU.Build.0 = Release|Any CPU
		{18FCCA13-8A38-423A-9731-04CF2480F954}.Release|x64.ActiveCfg = Release|Any CPU
		{18FCCA13-8A38-423A-9731-04CF2480F954}.Release|x64.Build.0 = Release|Any CPU
		{18FCCA13-8A38-423A-9731-04CF2480F954}.Release|x86.ActiveCfg = Release|Any CPU
		{18FCCA13-8A38-423A-9731-04CF2480F954}.Release|x86.Build.0 = Release|Any CPU
	EndGlobalSection
	GlobalSection(SolutionProperties) = preSolution
		HideSolutionNode = FALSE
	EndGlobalSection
	GlobalSection(NestedProjects) = preSolution
		{5A5B63D9-87DE-4CC3-8DDF-53BC02C38C9A} = {909FF7B5-9A91-4122-B158-434965EE2C9A}
		{7399D977-0367-4893-8DB4-C32D47DCDA5D} = {909FF7B5-9A91-4122-B158-434965EE2C9A}
		{D8FB3B15-B34F-48DD-8650-AB24223DBCCF} = {909FF7B5-9A91-4122-B158-434965EE2C9A}
		{37A11A10-5769-41ED-91DF-417C4F969542} = {909FF7B5-9A91-4122-B158-434965EE2C9A}
		{32072CC4-6FA1-4AB6-A974-73B6A50B3982} = {145DBF90-0BF4-441E-B6AA-50809E36C1AE}
		{18FCCA13-8A38-423A-9731-04CF2480F954} = {145DBF90-0BF4-441E-B6AA-50809E36C1AE}
	EndGlobalSection
EndGlobal
